// !$*UTF8*$!
{
	archiveVersion = 1;
	classes = {
	};
	objectVersion = 46;
	objects = {

/* Begin PBXBuildFile section */
		AEEFD9721D7BC1DC0070A7F9 /* main.m in Sources */ = {isa = PBXBuildFile; fileRef = AEEFD9711D7BC1DC0070A7F9 /* main.m */; };
		AEEFD9751D7BC1DC0070A7F9 /* AppDelegate.m in Sources */ = {isa = PBXBuildFile; fileRef = AEEFD9741D7BC1DC0070A7F9 /* AppDelegate.m */; };
		AEEFD9781D7BC1DC0070A7F9 /* ViewController.m in Sources */ = {isa = PBXBuildFile; fileRef = AEEFD9771D7BC1DC0070A7F9 /* ViewController.m */; };
		AEEFD97B1D7BC1DC0070A7F9 /* Main.storyboard in Resources */ = {isa = PBXBuildFile; fileRef = AEEFD9791D7BC1DC0070A7F9 /* Main.storyboard */; };
		AEEFD97D1D7BC1DC0070A7F9 /* Assets.xcassets in Resources */ = {isa = PBXBuildFile; fileRef = AEEFD97C1D7BC1DC0070A7F9 /* Assets.xcassets */; };
		AEEFD9801D7BC1DC0070A7F9 /* LaunchScreen.storyboard in Resources */ = {isa = PBXBuildFile; fileRef = AEEFD97E1D7BC1DC0070A7F9 /* LaunchScreen.storyboard */; };
		AEEFD98B1D7BC1DC0070A7F9 /* GitHubTests.m in Sources */ = {isa = PBXBuildFile; fileRef = AEEFD98A1D7BC1DC0070A7F9 /* GitHubTests.m */; };
		AEEFD9961D7BC1DC0070A7F9 /* GitHubUITests.m in Sources */ = {isa = PBXBuildFile; fileRef = AEEFD9951D7BC1DC0070A7F9 /* GitHubUITests.m */; };
/* End PBXBuildFile section */

/* Begin PBXContainerItemProxy section */
		AEEFD9871D7BC1DC0070A7F9 /* PBXContainerItemProxy */ = {
			isa = PBXContainerItemProxy;
			containerPortal = AEEFD9651D7BC1DC0070A7F9 /* Project object */;
			proxyType = 1;
			remoteGlobalIDString = AEEFD96C1D7BC1DC0070A7F9;
			remoteInfo = GitHub;
		};
		AEEFD9921D7BC1DC0070A7F9 /* PBXContainerItemProxy */ = {
			isa = PBXContainerItemProxy;
			containerPortal = AEEFD9651D7BC1DC0070A7F9 /* Project object */;
			proxyType = 1;
			remoteGlobalIDString = AEEFD96C1D7BC1DC0070A7F9;
			remoteInfo = GitHub;
		};
/* End PBXContainerItemProxy section */

/* Begin PBXFileReference section */
		AEEFD96D1D7BC1DC0070A7F9 /* GitHub.app */ = {isa = PBXFileReference; explicitFileType = wrapper.application; includeInIndex = 0; path = GitHub.app; sourceTree = BUILT_PRODUCTS_DIR; };
		AEEFD9711D7BC1DC0070A7F9 /* main.m */ = {isa = PBXFileReference; lastKnownFileType = sourcecode.c.objc; path = main.m; sourceTree = "<group>"; };
		AEEFD9731D7BC1DC0070A7F9 /* AppDelegate.h */ = {isa = PBXFileReference; lastKnownFileType = sourcecode.c.h; path = AppDelegate.h; sourceTree = "<group>"; };
		AEEFD9741D7BC1DC0070A7F9 /* AppDelegate.m */ = {isa = PBXFileReference; lastKnownFileType = sourcecode.c.objc; path = AppDelegate.m; sourceTree = "<group>"; };
		AEEFD9761D7BC1DC0070A7F9 /* ViewController.h */ = {isa = PBXFileReference; lastKnownFileType = sourcecode.c.h; path = ViewController.h; sourceTree = "<group>"; };
		AEEFD9771D7BC1DC0070A7F9 /* ViewController.m */ = {isa = PBXFileReference; lastKnownFileType = sourcecode.c.objc; path = ViewController.m; sourceTree = "<group>"; };
		AEEFD97A1D7BC1DC0070A7F9 /* Base */ = {isa = PBXFileReference; lastKnownFileType = file.storyboard; name = Base; path = Base.lproj/Main.storyboard; sourceTree = "<group>"; };
		AEEFD97C1D7BC1DC0070A7F9 /* Assets.xcassets */ = {isa = PBXFileReference; lastKnownFileType = folder.assetcatalog; path = Assets.xcassets; sourceTree = "<group>"; };
		AEEFD97F1D7BC1DC0070A7F9 /* Base */ = {isa = PBXFileReference; lastKnownFileType = file.storyboard; name = Base; path = Base.lproj/LaunchScreen.storyboard; sourceTree = "<group>"; };
		AEEFD9811D7BC1DC0070A7F9 /* Info.plist */ = {isa = PBXFileReference; lastKnownFileType = text.plist.xml; path = Info.plist; sourceTree = "<group>"; };
		AEEFD9861D7BC1DC0070A7F9 /* GitHubTests.xctest */ = {isa = PBXFileReference; explicitFileType = wrapper.cfbundle; includeInIndex = 0; path = GitHubTests.xctest; sourceTree = BUILT_PRODUCTS_DIR; };
		AEEFD98A1D7BC1DC0070A7F9 /* GitHubTests.m */ = {isa = PBXFileReference; lastKnownFileType = sourcecode.c.objc; path = GitHubTests.m; sourceTree = "<group>"; };
		AEEFD98C1D7BC1DC0070A7F9 /* Info.plist */ = {isa = PBXFileReference; lastKnownFileType = text.plist.xml; path = Info.plist; sourceTree = "<group>"; };
		AEEFD9911D7BC1DC0070A7F9 /* GitHubUITests.xctest */ = {isa = PBXFileReference; explicitFileType = wrapper.cfbundle; includeInIndex = 0; path = GitHubUITests.xctest; sourceTree = BUILT_PRODUCTS_DIR; };
		AEEFD9951D7BC1DC0070A7F9 /* GitHubUITests.m */ = {isa = PBXFileReference; lastKnownFileType = sourcecode.c.objc; path = GitHubUITests.m; sourceTree = "<group>"; };
		AEEFD9971D7BC1DC0070A7F9 /* Info.plist */ = {isa = PBXFileReference; lastKnownFileType = text.plist.xml; path = Info.plist; sourceTree = "<group>"; };
/* End PBXFileReference section */

/* Begin PBXFrameworksBuildPhase section */
		AEEFD96A1D7BC1DC0070A7F9 /* Frameworks */ = {
			isa = PBXFrameworksBuildPhase;
			buildActionMask = 2147483647;
			files = (
			);
			runOnlyForDeploymentPostprocessing = 0;
		};
		AEEFD9831D7BC1DC0070A7F9 /* Frameworks */ = {
			isa = PBXFrameworksBuildPhase;
			buildActionMask = 2147483647;
			files = (
			);
			runOnlyForDeploymentPostprocessing = 0;
		};
		AEEFD98E1D7BC1DC0070A7F9 /* Frameworks */ = {
			isa = PBXFrameworksBuildPhase;
			buildActionMask = 2147483647;
			files = (
			);
			runOnlyForDeploymentPostprocessing = 0;
		};
/* End PBXFrameworksBuildPhase section */

/* Begin PBXGroup section */
		AEEFD9641D7BC1DC0070A7F9 = {
			isa = PBXGroup;
			children = (
				AEEFD96F1D7BC1DC0070A7F9 /* GitHub */,
				AEEFD9891D7BC1DC0070A7F9 /* GitHubTests */,
				AEEFD9941D7BC1DC0070A7F9 /* GitHubUITests */,
				AEEFD96E1D7BC1DC0070A7F9 /* Products */,
			);
			sourceTree = "<group>";
		};
		AEEFD96E1D7BC1DC0070A7F9 /* Products */ = {
			isa = PBXGroup;
			children = (
				AEEFD96D1D7BC1DC0070A7F9 /* GitHub.app */,
				AEEFD9861D7BC1DC0070A7F9 /* GitHubTests.xctest */,
				AEEFD9911D7BC1DC0070A7F9 /* GitHubUITests.xctest */,
			);
			name = Products;
			sourceTree = "<group>";
		};
		AEEFD96F1D7BC1DC0070A7F9 /* GitHub */ = {
			isa = PBXGroup;
			children = (
				AEEFD9731D7BC1DC0070A7F9 /* AppDelegate.h */,
				AEEFD9741D7BC1DC0070A7F9 /* AppDelegate.m */,
				AEEFD9761D7BC1DC0070A7F9 /* ViewController.h */,
				AEEFD9771D7BC1DC0070A7F9 /* ViewController.m */,
				AEEFD9791D7BC1DC0070A7F9 /* Main.storyboard */,
				AEEFD97C1D7BC1DC0070A7F9 /* Assets.xcassets */,
				AEEFD97E1D7BC1DC0070A7F9 /* LaunchScreen.storyboard */,
				AEEFD9811D7BC1DC0070A7F9 /* Info.plist */,
				AEEFD9701D7BC1DC0070A7F9 /* Supporting Files */,
			);
			path = GitHub;
			sourceTree = "<group>";
		};
		AEEFD9701D7BC1DC0070A7F9 /* Supporting Files */ = {
			isa = PBXGroup;
			children = (
				AEEFD9711D7BC1DC0070A7F9 /* main.m */,
			);
			name = "Supporting Files";
			sourceTree = "<group>";
		};
		AEEFD9891D7BC1DC0070A7F9 /* GitHubTests */ = {
			isa = PBXGroup;
			children = (
				AEEFD98A1D7BC1DC0070A7F9 /* GitHubTests.m */,
				AEEFD98C1D7BC1DC0070A7F9 /* Info.plist */,
			);
			path = GitHubTests;
			sourceTree = "<group>";
		};
		AEEFD9941D7BC1DC0070A7F9 /* GitHubUITests */ = {
			isa = PBXGroup;
			children = (
				AEEFD9951D7BC1DC0070A7F9 /* GitHubUITests.m */,
				AEEFD9971D7BC1DC0070A7F9 /* Info.plist */,
			);
			path = GitHubUITests;
			sourceTree = "<group>";
		};
/* End PBXGroup section */

/* Begin PBXNativeTarget section */
		AEEFD96C1D7BC1DC0070A7F9 /* GitHub */ = {
			isa = PBXNativeTarget;
			buildConfigurationList = AEEFD99A1D7BC1DC0070A7F9 /* Build configuration list for PBXNativeTarget "GitHub" */;
			buildPhases = (
				AEEFD9691D7BC1DC0070A7F9 /* Sources */,
				AEEFD96A1D7BC1DC0070A7F9 /* Frameworks */,
				AEEFD96B1D7BC1DC0070A7F9 /* Resources */,
			);
			buildRules = (
			);
			dependencies = (
			);
			name = GitHub;
			productName = GitHub;
			productReference = AEEFD96D1D7BC1DC0070A7F9 /* GitHub.app */;
			productType = "com.apple.product-type.application";
		};
		AEEFD9851D7BC1DC0070A7F9 /* GitHubTests */ = {
			isa = PBXNativeTarget;
			buildConfigurationList = AEEFD99D1D7BC1DC0070A7F9 /* Build configuration list for PBXNativeTarget "GitHubTests" */;
			buildPhases = (
				AEEFD9821D7BC1DC0070A7F9 /* Sources */,
				AEEFD9831D7BC1DC0070A7F9 /* Frameworks */,
				AEEFD9841D7BC1DC0070A7F9 /* Resources */,
			);
			buildRules = (
			);
			dependencies = (
				AEEFD9881D7BC1DC0070A7F9 /* PBXTargetDependency */,
			);
			name = GitHubTests;
			productName = GitHubTests;
			productReference = AEEFD9861D7BC1DC0070A7F9 /* GitHubTests.xctest */;
			productType = "com.apple.product-type.bundle.unit-test";
		};
		AEEFD9901D7BC1DC0070A7F9 /* GitHubUITests */ = {
			isa = PBXNativeTarget;
			buildConfigurationList = AEEFD9A01D7BC1DC0070A7F9 /* Build configuration list for PBXNativeTarget "GitHubUITests" */;
			buildPhases = (
				AEEFD98D1D7BC1DC0070A7F9 /* Sources */,
				AEEFD98E1D7BC1DC0070A7F9 /* Frameworks */,
				AEEFD98F1D7BC1DC0070A7F9 /* Resources */,
			);
			buildRules = (
			);
			dependencies = (
				AEEFD9931D7BC1DC0070A7F9 /* PBXTargetDependency */,
			);
			name = GitHubUITests;
			productName = GitHubUITests;
			productReference = AEEFD9911D7BC1DC0070A7F9 /* GitHubUITests.xctest */;
			productType = "com.apple.product-type.bundle.ui-testing";
		};
/* End PBXNativeTarget section */

/* Begin PBXProject section */
		AEEFD9651D7BC1DC0070A7F9 /* Project object */ = {
			isa = PBXProject;
			attributes = {
				LastUpgradeCheck = 0730;
				ORGANIZATIONNAME = pepsikirk;
				TargetAttributes = {
					AEEFD96C1D7BC1DC0070A7F9 = {
						CreatedOnToolsVersion = 7.3.1;
					};
					AEEFD9851D7BC1DC0070A7F9 = {
						CreatedOnToolsVersion = 7.3.1;
						TestTargetID = AEEFD96C1D7BC1DC0070A7F9;
					};
					AEEFD9901D7BC1DC0070A7F9 = {
						CreatedOnToolsVersion = 7.3.1;
						TestTargetID = AEEFD96C1D7BC1DC0070A7F9;
					};
				};
			};
			buildConfigurationList = AEEFD9681D7BC1DC0070A7F9 /* Build configuration list for PBXProject "GitHub" */;
			compatibilityVersion = "Xcode 3.2";
			developmentRegion = English;
			hasScannedForEncodings = 0;
			knownRegions = (
				en,
				Base,
			);
			mainGroup = AEEFD9641D7BC1DC0070A7F9;
			productRefGroup = AEEFD96E1D7BC1DC0070A7F9 /* Products */;
			projectDirPath = "";
			projectRoot = "";
			targets = (
				AEEFD96C1D7BC1DC0070A7F9 /* GitHub */,
				AEEFD9851D7BC1DC0070A7F9 /* GitHubTests */,
				AEEFD9901D7BC1DC0070A7F9 /* GitHubUITests */,
			);
		};
/* End PBXProject section */

/* Begin PBXResourcesBuildPhase section */
		AEEFD96B1D7BC1DC0070A7F9 /* Resources */ = {
			isa = PBXResourcesBuildPhase;
			buildActionMask = 2147483647;
			files = (
				AEEFD9801D7BC1DC0070A7F9 /* LaunchScreen.storyboard in Resources */,
				AEEFD97D1D7BC1DC0070A7F9 /* Assets.xcassets in Resources */,
				AEEFD97B1D7BC1DC0070A7F9 /* Main.storyboard in Resources */,
			);
			runOnlyForDeploymentPostprocessing = 0;
		};
		AEEFD9841D7BC1DC0070A7F9 /* Resources */ = {
			isa = PBXResourcesBuildPhase;
			buildActionMask = 2147483647;
			files = (
			);
			runOnlyForDeploymentPostprocessing = 0;
		};
		AEEFD98F1D7BC1DC0070A7F9 /* Resources */ = {
			isa = PBXResourcesBuildPhase;
			buildActionMask = 2147483647;
			files = (
			);
			runOnlyForDeploymentPostprocessing = 0;
		};
/* End PBXResourcesBuildPhase section */

/* Begin PBXSourcesBuildPhase section */
		AEEFD9691D7BC1DC0070A7F9 /* Sources */ = {
			isa = PBXSourcesBuildPhase;
			buildActionMask = 2147483647;
			files = (
				AEEFD9781D7BC1DC0070A7F9 /* ViewController.m in Sources */,
				AEEFD9751D7BC1DC0070A7F9 /* AppDelegate.m in Sources */,
				AEEFD9721D7BC1DC0070A7F9 /* main.m in Sources */,
			);
			runOnlyForDeploymentPostprocessing = 0;
		};
		AEEFD9821D7BC1DC0070A7F9 /* Sources */ = {
			isa = PBXSourcesBuildPhase;
			buildActionMask = 2147483647;
			files = (
				AEEFD98B1D7BC1DC0070A7F9 /* GitHubTests.m in Sources */,
			);
			runOnlyForDeploymentPostprocessing = 0;
		};
		AEEFD98D1D7BC1DC0070A7F9 /* Sources */ = {
			isa = PBXSourcesBuildPhase;
			buildActionMask = 2147483647;
			files = (
				AEEFD9961D7BC1DC0070A7F9 /* GitHubUITests.m in Sources */,
			);
			runOnlyForDeploymentPostprocessing = 0;
		};
/* End PBXSourcesBuildPhase section */

/* Begin PBXTargetDependency section */
		AEEFD9881D7BC1DC0070A7F9 /* PBXTargetDependency */ = {
			isa = PBXTargetDependency;
			target = AEEFD96C1D7BC1DC0070A7F9 /* GitHub */;
			targetProxy = AEEFD9871D7BC1DC0070A7F9 /* PBXContainerItemProxy */;
		};
		AEEFD9931D7BC1DC0070A7F9 /* PBXTargetDependency */ = {
			isa = PBXTargetDependency;
			target = AEEFD96C1D7BC1DC0070A7F9 /* GitHub */;
			targetProxy = AEEFD9921D7BC1DC0070A7F9 /* PBXContainerItemProxy */;
		};
/* End PBXTargetDependency section */

/* Begin PBXVariantGroup section */
		AEEFD9791D7BC1DC0070A7F9 /* Main.storyboard */ = {
			isa = PBXVariantGroup;
			children = (
				AEEFD97A1D7BC1DC0070A7F9 /* Base */,
			);
			name = Main.storyboard;
			sourceTree = "<group>";
		};
		AEEFD97E1D7BC1DC0070A7F9 /* LaunchScreen.storyboard */ = {
			isa = PBXVariantGroup;
			children = (
				AEEFD97F1D7BC1DC0070A7F9 /* Base */,
			);
			name = LaunchScreen.storyboard;
			sourceTree = "<group>";
		};
/* End PBXVariantGroup section */

/* Begin XCBuildConfiguration section */
		AEEFD9981D7BC1DC0070A7F9 /* Debug */ = {
			isa = XCBuildConfiguration;
			buildSettings = {
				ALWAYS_SEARCH_USER_PATHS = NO;
				CLANG_ANALYZER_NONNULL = YES;
				CLANG_CXX_LANGUAGE_STANDARD = "gnu++0x";
				CLANG_CXX_LIBRARY = "libc++";
				CLANG_ENABLE_MODULES = YES;
				CLANG_ENABLE_OBJC_ARC = YES;
				CLANG_WARN_BOOL_CONVERSION = YES;
				CLANG_WARN_CONSTANT_CONVERSION = YES;
				CLANG_WARN_DIRECT_OBJC_ISA_USAGE = YES_ERROR;
				CLANG_WARN_EMPTY_BODY = YES;
				CLANG_WARN_ENUM_CONVERSION = YES;
				CLANG_WARN_INT_CONVERSION = YES;
				CLANG_WARN_OBJC_ROOT_CLASS = YES_ERROR;
				CLANG_WARN_UNREACHABLE_CODE = YES;
				CLANG_WARN__DUPLICATE_METHOD_MATCH = YES;
				"CODE_SIGN_IDENTITY[sdk=iphoneos*]" = "iPhone Developer";
				COPY_PHASE_STRIP = NO;
				DEBUG_INFORMATION_FORMAT = dwarf;
				ENABLE_STRICT_OBJC_MSGSEND = YES;
				ENABLE_TESTABILITY = YES;
				GCC_C_LANGUAGE_STANDARD = gnu99;
				GCC_DYNAMIC_NO_PIC = NO;
				GCC_NO_COMMON_BLOCKS = YES;
				GCC_OPTIMIZATION_LEVEL = 0;
				GCC_PREPROCESSOR_DEFINITIONS = (
					"DEBUG=1",
					"$(inherited)",
				);
				GCC_WARN_64_TO_32_BIT_CONVERSION = YES;
				GCC_WARN_ABOUT_RETURN_TYPE = YES_ERROR;
				GCC_WARN_UNDECLARED_SELECTOR = YES;
				GCC_WARN_UNINITIALIZED_AUTOS = YES_AGGRESSIVE;
				GCC_WARN_UNUSED_FUNCTION = YES;
				GCC_WARN_UNUSED_VARIABLE = YES;
				IPHONEOS_DEPLOYMENT_TARGET = 9.3;
				MTL_ENABLE_DEBUG_INFO = YES;
				ONLY_ACTIVE_ARCH = YES;
				SDKROOT = iphoneos;
			};
			name = Debug;
		};
		AEEFD9991D7BC1DC0070A7F9 /* Release */ = {
			isa = XCBuildConfiguration;
			buildSettings = {
				ALWAYS_SEARCH_USER_PATHS = NO;
				CLANG_ANALYZER_NONNULL = YES;
				CLANG_CXX_LANGUAGE_STANDARD = "gnu++0x";
				CLANG_CXX_LIBRARY = "libc++";
				CLANG_ENABLE_MODULES = YES;
				CLANG_ENABLE_OBJC_ARC = YES;
				CLANG_WARN_BOOL_CONVERSION = YES;
				CLANG_WARN_CONSTANT_CONVERSION = YES;
				CLANG_WARN_DIRECT_OBJC_ISA_USAGE = YES_ERROR;
				CLANG_WARN_EMPTY_BODY = YES;
				CLANG_WARN_ENUM_CONVERSION = YES;
				CLANG_WARN_INT_CONVERSION = YES;
				CLANG_WARN_OBJC_ROOT_CLASS = YES_ERROR;
				CLANG_WARN_UNREACHABLE_CODE = YES;
				CLANG_WARN__DUPLICATE_METHOD_MATCH = YES;
				"CODE_SIGN_IDENTITY[sdk=iphoneos*]" = "iPhone Developer";
				COPY_PHASE_STRIP = NO;
				DEBUG_INFORMATION_FORMAT = "dwarf-with-dsym";
				ENABLE_NS_ASSERTIONS = NO;
				ENABLE_STRICT_OBJC_MSGSEND = YES;
				GCC_C_LANGUAGE_STANDARD = gnu99;
				GCC_NO_COMMON_BLOCKS = YES;
				GCC_WARN_64_TO_32_BIT_CONVERSION = YES;
				GCC_WARN_ABOUT_RETURN_TYPE = YES_ERROR;
				GCC_WARN_UNDECLARED_SELECTOR = YES;
				GCC_WARN_UNINITIALIZED_AUTOS = YES_AGGRESSIVE;
				GCC_WARN_UNUSED_FUNCTION = YES;
				GCC_WARN_UNUSED_VARIABLE = YES;
				IPHONEOS_DEPLOYMENT_TARGET = 9.3;
				MTL_ENABLE_DEBUG_INFO = NO;
				SDKROOT = iphoneos;
				VALIDATE_PRODUCT = YES;
			};
			name = Release;
		};
		AEEFD99B1D7BC1DC0070A7F9 /* Debug */ = {
			isa = XCBuildConfiguration;
			buildSettings = {
				ASSETCATALOG_COMPILER_APPICON_NAME = AppIcon;
				INFOPLIST_FILE = GitHub/Info.plist;
				LD_RUNPATH_SEARCH_PATHS = "$(inherited) @executable_path/Frameworks";
				PRODUCT_BUNDLE_IDENTIFIER = com.pepsikirk.GitHub;
				PRODUCT_NAME = "$(TARGET_NAME)";
			};
			name = Debug;
		};
		AEEFD99C1D7BC1DC0070A7F9 /* Release */ = {
			isa = XCBuildConfiguration;
			buildSettings = {
				ASSETCATALOG_COMPILER_APPICON_NAME = AppIcon;
				INFOPLIST_FILE = GitHub/Info.plist;
				LD_RUNPATH_SEARCH_PATHS = "$(inherited) @executable_path/Frameworks";
				PRODUCT_BUNDLE_IDENTIFIER = com.pepsikirk.GitHub;
				PRODUCT_NAME = "$(TARGET_NAME)";
			};
			name = Release;
		};
		AEEFD99E1D7BC1DC0070A7F9 /* Debug */ = {
			isa = XCBuildConfiguration;
			buildSettings = {
				BUNDLE_LOADER = "$(TEST_HOST)";
				INFOPLIST_FILE = GitHubTests/Info.plist;
				LD_RUNPATH_SEARCH_PATHS = "$(inherited) @executable_path/Frameworks @loader_path/Frameworks";
				PRODUCT_BUNDLE_IDENTIFIER = com.pepsikirk.GitHubTests;
				PRODUCT_NAME = "$(TARGET_NAME)";
				TEST_HOST = "$(BUILT_PRODUCTS_DIR)/GitHub.app/GitHub";
			};
			name = Debug;
		};
		AEEFD99F1D7BC1DC0070A7F9 /* Release */ = {
			isa = XCBuildConfiguration;
			buildSettings = {
				BUNDLE_LOADER = "$(TEST_HOST)";
				INFOPLIST_FILE = GitHubTests/Info.plist;
				LD_RUNPATH_SEARCH_PATHS = "$(inherited) @executable_path/Frameworks @loader_path/Frameworks";
				PRODUCT_BUNDLE_IDENTIFIER = com.pepsikirk.GitHubTests;
				PRODUCT_NAME = "$(TARGET_NAME)";
				TEST_HOST = "$(BUILT_PRODUCTS_DIR)/GitHub.app/GitHub";
			};
			name = Release;
		};
		AEEFD9A11D7BC1DC0070A7F9 /* Debug */ = {
			isa = XCBuildConfiguration;
			buildSettings = {
				INFOPLIST_FILE = GitHubUITests/Info.plist;
				LD_RUNPATH_SEARCH_PATHS = "$(inherited) @executable_path/Frameworks @loader_path/Frameworks";
				PRODUCT_BUNDLE_IDENTIFIER = com.pepsikirk.GitHubUITests;
				PRODUCT_NAME = "$(TARGET_NAME)";
				TEST_TARGET_NAME = GitHub;
			};
			name = Debug;
		};
		AEEFD9A21D7BC1DC0070A7F9 /* Release */ = {
			isa = XCBuildConfiguration;
			buildSettings = {
				INFOPLIST_FILE = GitHubUITests/Info.plist;
				LD_RUNPATH_SEARCH_PATHS = "$(inherited) @executable_path/Frameworks @loader_path/Frameworks";
				PRODUCT_BUNDLE_IDENTIFIER = com.pepsikirk.GitHubUITests;
				PRODUCT_NAME = "$(TARGET_NAME)";
				TEST_TARGET_NAME = GitHub;
			};
			name = Release;
		};
/* End XCBuildConfiguration section */

/* Begin XCConfigurationList section */
		AEEFD9681D7BC1DC0070A7F9 /* Build configuration list for PBXProject "GitHub" */ = {
			isa = XCConfigurationList;
			buildConfigurations = (
				AEEFD9981D7BC1DC0070A7F9 /* Debug */,
				AEEFD9991D7BC1DC0070A7F9 /* Release */,
			);
			defaultConfigurationIsVisible = 0;
			defaultConfigurationName = Release;
		};
		AEEFD99A1D7BC1DC0070A7F9 /* Build configuration list for PBXNativeTarget "GitHub" */ = {
			isa = XCConfigurationList;
			buildConfigurations = (
				AEEFD99B1D7BC1DC0070A7F9 /* Debug */,
				AEEFD99C1D7BC1DC0070A7F9 /* Release */,
			);
			defaultConfigurationIsVisible = 0;
		};
		AEEFD99D1D7BC1DC0070A7F9 /* Build configuration list for PBXNativeTarget "GitHubTests" */ = {
			isa = XCConfigurationList;
			buildConfigurations = (
				AEEFD99E1D7BC1DC0070A7F9 /* Debug */,
				AEEFD99F1D7BC1DC0070A7F9 /* Release */,
			);
			defaultConfigurationIsVisible = 0;
		};
		AEEFD9A01D7BC1DC0070A7F9 /* Build configuration list for PBXNativeTarget "GitHubUITests" */ = {
			isa = XCConfigurationList;
			buildConfigurations = (
				AEEFD9A11D7BC1DC0070A7F9 /* Debug */,
				AEEFD9A21D7BC1DC0070A7F9 /* Release */,
			);
			defaultConfigurationIsVisible = 0;
		};
/* End XCConfigurationList section */
	};
	rootObject = AEEFD9651D7BC1DC0070A7F9 /* Project object */;
}
