// !$*UTF8*$!
{
	archiveVersion = 1;
	classes = {
	};
	objectVersion = 46;
	objects = {

/* Begin PBXBuildFile section */
		AEEFD9721D7BC1DC0070A7F9 /* main.m in Sources */ = {isa = PBXBuildFile; fileRef = AEEFD9711D7BC1DC0070A7F9 /* main.m */; };
		AEEFD9751D7BC1DC0070A7F9 /* AppDelegate.m in Sources */ = {isa = PBXBuildFile; fileRef = AEEFD9741D7BC1DC0070A7F9 /* AppDelegate.m */; };
		AEEFD97D1D7BC1DC0070A7F9 /* Assets.xcassets in Resources */ = {isa = PBXBuildFile; fileRef = AEEFD97C1D7BC1DC0070A7F9 /* Assets.xcassets */; };
		AEEFD9801D7BC1DC0070A7F9 /* LaunchScreen.storyboard in Resources */ = {isa = PBXBuildFile; fileRef = AEEFD97E1D7BC1DC0070A7F9 /* LaunchScreen.storyboard */; };
		AEEFD98B1D7BC1DC0070A7F9 /* GitHubTests.m in Sources */ = {isa = PBXBuildFile; fileRef = AEEFD98A1D7BC1DC0070A7F9 /* GitHubTests.m */; };
		AEEFD9961D7BC1DC0070A7F9 /* GitHubUITests.m in Sources */ = {isa = PBXBuildFile; fileRef = AEEFD9951D7BC1DC0070A7F9 /* GitHubUITests.m */; };
		AEEFD9AE1D7BCE7A0070A7F9 /* PKBaseViewController.m in Sources */ = {isa = PBXBuildFile; fileRef = AEEFD9AD1D7BCE7A0070A7F9 /* PKBaseViewController.m */; };
		AEEFD9B11D7BCF210070A7F9 /* PKHomPageViewController.m in Sources */ = {isa = PBXBuildFile; fileRef = AEEFD9B01D7BCF210070A7F9 /* PKHomPageViewController.m */; };
		AEEFD9B41D7BCFF10070A7F9 /* PKBaseView.m in Sources */ = {isa = PBXBuildFile; fileRef = AEEFD9B31D7BCFF10070A7F9 /* PKBaseView.m */; };
		AEEFD9B71D7BD0160070A7F9 /* PKBaseModel.m in Sources */ = {isa = PBXBuildFile; fileRef = AEEFD9B61D7BD0160070A7F9 /* PKBaseModel.m */; };
		AEEFD9BD1D7BD0500070A7F9 /* PKBaseViewModel.m in Sources */ = {isa = PBXBuildFile; fileRef = AEEFD9BC1D7BD0500070A7F9 /* PKBaseViewModel.m */; };
		AEEFD9C01D7BD0840070A7F9 /* PKHomePageView.m in Sources */ = {isa = PBXBuildFile; fileRef = AEEFD9BF1D7BD0840070A7F9 /* PKHomePageView.m */; };
		AEEFD9C31D7BD0AE0070A7F9 /* PKHomePageViewModel.m in Sources */ = {isa = PBXBuildFile; fileRef = AEEFD9C21D7BD0AE0070A7F9 /* PKHomePageViewModel.m */; };
		AEF9391E1D7C377F004DD84F /* PKBaseTableViewCell.m in Sources */ = {isa = PBXBuildFile; fileRef = AEF9391D1D7C377F004DD84F /* PKBaseTableViewCell.m */; };
		AEF939221D7C381C004DD84F /* PKHomePageTableViewCell.m in Sources */ = {isa = PBXBuildFile; fileRef = AEF939201D7C381C004DD84F /* PKHomePageTableViewCell.m */; };
		AEF939231D7C381C004DD84F /* PKHomePageTableViewCell.xib in Resources */ = {isa = PBXBuildFile; fileRef = AEF939211D7C381C004DD84F /* PKHomePageTableViewCell.xib */; };
		AEF939281D7C3D3D004DD84F /* PKNetAPIManager.m in Sources */ = {isa = PBXBuildFile; fileRef = AEF939271D7C3D3D004DD84F /* PKNetAPIManager.m */; };
		AEF9392B1D7C4756004DD84F /* PKUserModel.m in Sources */ = {isa = PBXBuildFile; fileRef = AEF9392A1D7C4756004DD84F /* PKUserModel.m */; };
		AEF9392F1D7C5352004DD84F /* NSObject+PKCommon.m in Sources */ = {isa = PBXBuildFile; fileRef = AEF9392E1D7C5352004DD84F /* NSObject+PKCommon.m */; };
		AEF939351D7C6A14004DD84F /* PKUserDetailViewModel.m in Sources */ = {isa = PBXBuildFile; fileRef = AEF939341D7C6A14004DD84F /* PKUserDetailViewModel.m */; };
		AEF939381D7C6B5C004DD84F /* PKUsersDetailView.m in Sources */ = {isa = PBXBuildFile; fileRef = AEF939371D7C6B5C004DD84F /* PKUsersDetailView.m */; };
		AEF9393A1D7C6C44004DD84F /* PKUsersDetailView.xib in Resources */ = {isa = PBXBuildFile; fileRef = AEF939391D7C6C44004DD84F /* PKUsersDetailView.xib */; };
		AEF9393D1D7C79EB004DD84F /* PKUserDetailViewController.m in Sources */ = {isa = PBXBuildFile; fileRef = AEF9393C1D7C79EB004DD84F /* PKUserDetailViewController.m */; };
		C84DDBDEF14D381C6C3358DA /* libPods-GitHub.a in Frameworks */ = {isa = PBXBuildFile; fileRef = 4C5B7D5040B02FB537196456 /* libPods-GitHub.a */; };
/* End PBXBuildFile section */

/* Begin PBXContainerItemProxy section */
		AEEFD9871D7BC1DC0070A7F9 /* PBXContainerItemProxy */ = {
			isa = PBXContainerItemProxy;
			containerPortal = AEEFD9651D7BC1DC0070A7F9 /* Project object */;
			proxyType = 1;
			remoteGlobalIDString = AEEFD96C1D7BC1DC0070A7F9;
			remoteInfo = GitHub;
		};
		AEEFD9921D7BC1DC0070A7F9 /* PBXContainerItemProxy */ = {
			isa = PBXContainerItemProxy;
			containerPortal = AEEFD9651D7BC1DC0070A7F9 /* Project object */;
			proxyType = 1;
			remoteGlobalIDString = AEEFD96C1D7BC1DC0070A7F9;
			remoteInfo = GitHub;
		};
/* End PBXContainerItemProxy section */

/* Begin PBXFileReference section */
		4C5B7D5040B02FB537196456 /* libPods-GitHub.a */ = {isa = PBXFileReference; explicitFileType = archive.ar; includeInIndex = 0; path = "libPods-GitHub.a"; sourceTree = BUILT_PRODUCTS_DIR; };
		4F1A7423F49314E680B2EFA0 /* Pods-GitHub.debug.xcconfig */ = {isa = PBXFileReference; includeInIndex = 1; lastKnownFileType = text.xcconfig; name = "Pods-GitHub.debug.xcconfig"; path = "Pods/Target Support Files/Pods-GitHub/Pods-GitHub.debug.xcconfig"; sourceTree = "<group>"; };
		AEEFD96D1D7BC1DC0070A7F9 /* GitHub.app */ = {isa = PBXFileReference; explicitFileType = wrapper.application; includeInIndex = 0; path = GitHub.app; sourceTree = BUILT_PRODUCTS_DIR; };
		AEEFD9711D7BC1DC0070A7F9 /* main.m */ = {isa = PBXFileReference; lastKnownFileType = sourcecode.c.objc; path = main.m; sourceTree = "<group>"; };
		AEEFD9731D7BC1DC0070A7F9 /* AppDelegate.h */ = {isa = PBXFileReference; lastKnownFileType = sourcecode.c.h; path = AppDelegate.h; sourceTree = "<group>"; };
		AEEFD9741D7BC1DC0070A7F9 /* AppDelegate.m */ = {isa = PBXFileReference; lastKnownFileType = sourcecode.c.objc; path = AppDelegate.m; sourceTree = "<group>"; };
		AEEFD97C1D7BC1DC0070A7F9 /* Assets.xcassets */ = {isa = PBXFileReference; lastKnownFileType = folder.assetcatalog; path = Assets.xcassets; sourceTree = "<group>"; };
		AEEFD97F1D7BC1DC0070A7F9 /* Base */ = {isa = PBXFileReference; lastKnownFileType = file.storyboard; name = Base; path = Base.lproj/LaunchScreen.storyboard; sourceTree = "<group>"; };
		AEEFD9811D7BC1DC0070A7F9 /* Info.plist */ = {isa = PBXFileReference; lastKnownFileType = text.plist.xml; path = Info.plist; sourceTree = "<group>"; };
		AEEFD9861D7BC1DC0070A7F9 /* GitHubTests.xctest */ = {isa = PBXFileReference; explicitFileType = wrapper.cfbundle; includeInIndex = 0; path = GitHubTests.xctest; sourceTree = BUILT_PRODUCTS_DIR; };
		AEEFD98A1D7BC1DC0070A7F9 /* GitHubTests.m */ = {isa = PBXFileReference; lastKnownFileType = sourcecode.c.objc; path = GitHubTests.m; sourceTree = "<group>"; };
		AEEFD98C1D7BC1DC0070A7F9 /* Info.plist */ = {isa = PBXFileReference; lastKnownFileType = text.plist.xml; path = Info.plist; sourceTree = "<group>"; };
		AEEFD9911D7BC1DC0070A7F9 /* GitHubUITests.xctest */ = {isa = PBXFileReference; explicitFileType = wrapper.cfbundle; includeInIndex = 0; path = GitHubUITests.xctest; sourceTree = BUILT_PRODUCTS_DIR; };
		AEEFD9951D7BC1DC0070A7F9 /* GitHubUITests.m */ = {isa = PBXFileReference; lastKnownFileType = sourcecode.c.objc; path = GitHubUITests.m; sourceTree = "<group>"; };
		AEEFD9971D7BC1DC0070A7F9 /* Info.plist */ = {isa = PBXFileReference; lastKnownFileType = text.plist.xml; path = Info.plist; sourceTree = "<group>"; };
		AEEFD9AC1D7BCE7A0070A7F9 /* PKBaseViewController.h */ = {isa = PBXFileReference; fileEncoding = 4; lastKnownFileType = sourcecode.c.h; name = PKBaseViewController.h; path = Class/General/Base/PKBaseViewController.h; sourceTree = "<group>"; };
		AEEFD9AD1D7BCE7A0070A7F9 /* PKBaseViewController.m */ = {isa = PBXFileReference; fileEncoding = 4; lastKnownFileType = sourcecode.c.objc; name = PKBaseViewController.m; path = Class/General/Base/PKBaseViewController.m; sourceTree = "<group>"; };
		AEEFD9AF1D7BCF210070A7F9 /* PKHomPageViewController.h */ = {isa = PBXFileReference; fileEncoding = 4; lastKnownFileType = sourcecode.c.h; name = PKHomPageViewController.h; path = Class/Sections/HomePageSection/ViewController/PKHomPageViewController.h; sourceTree = "<group>"; };
		AEEFD9B01D7BCF210070A7F9 /* PKHomPageViewController.m */ = {isa = PBXFileReference; fileEncoding = 4; lastKnownFileType = sourcecode.c.objc; name = PKHomPageViewController.m; path = Class/Sections/HomePageSection/ViewController/PKHomPageViewController.m; sourceTree = "<group>"; };
		AEEFD9B21D7BCFF10070A7F9 /* PKBaseView.h */ = {isa = PBXFileReference; fileEncoding = 4; lastKnownFileType = sourcecode.c.h; name = PKBaseView.h; path = Class/General/Base/PKBaseView.h; sourceTree = "<group>"; };
		AEEFD9B31D7BCFF10070A7F9 /* PKBaseView.m */ = {isa = PBXFileReference; fileEncoding = 4; lastKnownFileType = sourcecode.c.objc; name = PKBaseView.m; path = Class/General/Base/PKBaseView.m; sourceTree = "<group>"; };
		AEEFD9B51D7BD0160070A7F9 /* PKBaseModel.h */ = {isa = PBXFileReference; fileEncoding = 4; lastKnownFileType = sourcecode.c.h; name = PKBaseModel.h; path = Class/General/Base/PKBaseModel.h; sourceTree = "<group>"; };
		AEEFD9B61D7BD0160070A7F9 /* PKBaseModel.m */ = {isa = PBXFileReference; fileEncoding = 4; lastKnownFileType = sourcecode.c.objc; name = PKBaseModel.m; path = Class/General/Base/PKBaseModel.m; sourceTree = "<group>"; };
		AEEFD9BB1D7BD0500070A7F9 /* PKBaseViewModel.h */ = {isa = PBXFileReference; fileEncoding = 4; lastKnownFileType = sourcecode.c.h; name = PKBaseViewModel.h; path = Class/General/Base/PKBaseViewModel.h; sourceTree = "<group>"; };
		AEEFD9BC1D7BD0500070A7F9 /* PKBaseViewModel.m */ = {isa = PBXFileReference; fileEncoding = 4; lastKnownFileType = sourcecode.c.objc; name = PKBaseViewModel.m; path = Class/General/Base/PKBaseViewModel.m; sourceTree = "<group>"; };
		AEEFD9BE1D7BD0840070A7F9 /* PKHomePageView.h */ = {isa = PBXFileReference; fileEncoding = 4; lastKnownFileType = sourcecode.c.h; name = PKHomePageView.h; path = Class/Sections/HomePageSection/View/PKHomePageView.h; sourceTree = "<group>"; };
		AEEFD9BF1D7BD0840070A7F9 /* PKHomePageView.m */ = {isa = PBXFileReference; fileEncoding = 4; lastKnownFileType = sourcecode.c.objc; name = PKHomePageView.m; path = Class/Sections/HomePageSection/View/PKHomePageView.m; sourceTree = "<group>"; };
		AEEFD9C11D7BD0AE0070A7F9 /* PKHomePageViewModel.h */ = {isa = PBXFileReference; fileEncoding = 4; lastKnownFileType = sourcecode.c.h; name = PKHomePageViewModel.h; path = Class/Sections/HomePageSection/ViewModel/PKHomePageViewModel.h; sourceTree = "<group>"; };
		AEEFD9C21D7BD0AE0070A7F9 /* PKHomePageViewModel.m */ = {isa = PBXFileReference; fileEncoding = 4; lastKnownFileType = sourcecode.c.objc; name = PKHomePageViewModel.m; path = Class/Sections/HomePageSection/ViewModel/PKHomePageViewModel.m; sourceTree = "<group>"; };
		AEF9391C1D7C377F004DD84F /* PKBaseTableViewCell.h */ = {isa = PBXFileReference; fileEncoding = 4; lastKnownFileType = sourcecode.c.h; name = PKBaseTableViewCell.h; path = Class/General/Base/PKBaseTableViewCell.h; sourceTree = "<group>"; };
		AEF9391D1D7C377F004DD84F /* PKBaseTableViewCell.m */ = {isa = PBXFileReference; fileEncoding = 4; lastKnownFileType = sourcecode.c.objc; name = PKBaseTableViewCell.m; path = Class/General/Base/PKBaseTableViewCell.m; sourceTree = "<group>"; };
		AEF9391F1D7C381C004DD84F /* PKHomePageTableViewCell.h */ = {isa = PBXFileReference; fileEncoding = 4; lastKnownFileType = sourcecode.c.h; name = PKHomePageTableViewCell.h; path = Class/Sections/HomePageSection/View/PKHomePageTableViewCell.h; sourceTree = "<group>"; };
		AEF939201D7C381C004DD84F /* PKHomePageTableViewCell.m */ = {isa = PBXFileReference; fileEncoding = 4; lastKnownFileType = sourcecode.c.objc; name = PKHomePageTableViewCell.m; path = Class/Sections/HomePageSection/View/PKHomePageTableViewCell.m; sourceTree = "<group>"; };
		AEF939211D7C381C004DD84F /* PKHomePageTableViewCell.xib */ = {isa = PBXFileReference; fileEncoding = 4; lastKnownFileType = file.xib; name = PKHomePageTableViewCell.xib; path = Class/Sections/HomePageSection/View/PKHomePageTableViewCell.xib; sourceTree = "<group>"; };
		AEF939261D7C3D3D004DD84F /* PKNetAPIManager.h */ = {isa = PBXFileReference; fileEncoding = 4; lastKnownFileType = sourcecode.c.h; name = PKNetAPIManager.h; path = Class/General/Util/Manager/PKNetAPIManager.h; sourceTree = "<group>"; };
		AEF939271D7C3D3D004DD84F /* PKNetAPIManager.m */ = {isa = PBXFileReference; fileEncoding = 4; lastKnownFileType = sourcecode.c.objc; name = PKNetAPIManager.m; path = Class/General/Util/Manager/PKNetAPIManager.m; sourceTree = "<group>"; };
		AEF939291D7C4756004DD84F /* PKUserModel.h */ = {isa = PBXFileReference; fileEncoding = 4; lastKnownFileType = sourcecode.c.h; name = PKUserModel.h; path = Class/Sections/HomePageSection/Model/PKUserModel.h; sourceTree = "<group>"; };
		AEF9392A1D7C4756004DD84F /* PKUserModel.m */ = {isa = PBXFileReference; fileEncoding = 4; lastKnownFileType = sourcecode.c.objc; name = PKUserModel.m; path = Class/Sections/HomePageSection/Model/PKUserModel.m; sourceTree = "<group>"; };
		AEF9392D1D7C5352004DD84F /* NSObject+PKCommon.h */ = {isa = PBXFileReference; fileEncoding = 4; lastKnownFileType = sourcecode.c.h; name = "NSObject+PKCommon.h"; path = "Class/General/Category/NSObject+PKCommon.h"; sourceTree = "<group>"; };
		AEF9392E1D7C5352004DD84F /* NSObject+PKCommon.m */ = {isa = PBXFileReference; fileEncoding = 4; lastKnownFileType = sourcecode.c.objc; name = "NSObject+PKCommon.m"; path = "Class/General/Category/NSObject+PKCommon.m"; sourceTree = "<group>"; };
		AEF939331D7C6A14004DD84F /* PKUserDetailViewModel.h */ = {isa = PBXFileReference; fileEncoding = 4; lastKnownFileType = sourcecode.c.h; name = PKUserDetailViewModel.h; path = Class/Sections/HomePageSection/ViewModel/PKUserDetailViewModel.h; sourceTree = "<group>"; };
		AEF939341D7C6A14004DD84F /* PKUserDetailViewModel.m */ = {isa = PBXFileReference; fileEncoding = 4; lastKnownFileType = sourcecode.c.objc; name = PKUserDetailViewModel.m; path = Class/Sections/HomePageSection/ViewModel/PKUserDetailViewModel.m; sourceTree = "<group>"; };
		AEF939361D7C6B5C004DD84F /* PKUsersDetailView.h */ = {isa = PBXFileReference; fileEncoding = 4; lastKnownFileType = sourcecode.c.h; name = PKUsersDetailView.h; path = Class/Sections/HomePageSection/View/PKUsersDetailView.h; sourceTree = "<group>"; };
		AEF939371D7C6B5C004DD84F /* PKUsersDetailView.m */ = {isa = PBXFileReference; fileEncoding = 4; lastKnownFileType = sourcecode.c.objc; name = PKUsersDetailView.m; path = Class/Sections/HomePageSection/View/PKUsersDetailView.m; sourceTree = "<group>"; };
		AEF939391D7C6C44004DD84F /* PKUsersDetailView.xib */ = {isa = PBXFileReference; fileEncoding = 4; lastKnownFileType = file.xib; name = PKUsersDetailView.xib; path = Class/Sections/HomePageSection/View/PKUsersDetailView.xib; sourceTree = "<group>"; };
		AEF9393B1D7C79EB004DD84F /* PKUserDetailViewController.h */ = {isa = PBXFileReference; fileEncoding = 4; lastKnownFileType = sourcecode.c.h; name = PKUserDetailViewController.h; path = Class/Sections/HomePageSection/ViewController/PKUserDetailViewController.h; sourceTree = "<group>"; };
		AEF9393C1D7C79EB004DD84F /* PKUserDetailViewController.m */ = {isa = PBXFileReference; fileEncoding = 4; lastKnownFileType = sourcecode.c.objc; name = PKUserDetailViewController.m; path = Class/Sections/HomePageSection/ViewController/PKUserDetailViewController.m; sourceTree = "<group>"; };
		DE6F861ADBF68FF3E2003F5A /* Pods-GitHub.release.xcconfig */ = {isa = PBXFileReference; includeInIndex = 1; lastKnownFileType = text.xcconfig; name = "Pods-GitHub.release.xcconfig"; path = "Pods/Target Support Files/Pods-GitHub/Pods-GitHub.release.xcconfig"; sourceTree = "<group>"; };
/* End PBXFileReference section */

/* Begin PBXFrameworksBuildPhase section */
		AEEFD96A1D7BC1DC0070A7F9 /* Frameworks */ = {
			isa = PBXFrameworksBuildPhase;
			buildActionMask = 2147483647;
			files = (
				C84DDBDEF14D381C6C3358DA /* libPods-GitHub.a in Frameworks */,
			);
			runOnlyForDeploymentPostprocessing = 0;
		};
		AEEFD9831D7BC1DC0070A7F9 /* Frameworks */ = {
			isa = PBXFrameworksBuildPhase;
			buildActionMask = 2147483647;
			files = (
			);
			runOnlyForDeploymentPostprocessing = 0;
		};
		AEEFD98E1D7BC1DC0070A7F9 /* Frameworks */ = {
			isa = PBXFrameworksBuildPhase;
			buildActionMask = 2147483647;
			files = (
			);
			runOnlyForDeploymentPostprocessing = 0;
		};
/* End PBXFrameworksBuildPhase section */

/* Begin PBXGroup section */
		01C2CBAEA90421C5E5F1BBD4 /* Frameworks */ = {
			isa = PBXGroup;
			children = (
				4C5B7D5040B02FB537196456 /* libPods-GitHub.a */,
			);
			name = Frameworks;
			sourceTree = "<group>";
		};
		6BF30937AE5619326B90076B /* Pods */ = {
			isa = PBXGroup;
			children = (
				4F1A7423F49314E680B2EFA0 /* Pods-GitHub.debug.xcconfig */,
				DE6F861ADBF68FF3E2003F5A /* Pods-GitHub.release.xcconfig */,
			);
			name = Pods;
			sourceTree = "<group>";
		};
		AEEFD9641D7BC1DC0070A7F9 = {
			isa = PBXGroup;
			children = (
				AEEFD96F1D7BC1DC0070A7F9 /* GitHub */,
				AEEFD9891D7BC1DC0070A7F9 /* GitHubTests */,
				AEEFD9941D7BC1DC0070A7F9 /* GitHubUITests */,
				AEEFD96E1D7BC1DC0070A7F9 /* Products */,
				6BF30937AE5619326B90076B /* Pods */,
				01C2CBAEA90421C5E5F1BBD4 /* Frameworks */,
			);
			sourceTree = "<group>";
		};
		AEEFD96E1D7BC1DC0070A7F9 /* Products */ = {
			isa = PBXGroup;
			children = (
				AEEFD96D1D7BC1DC0070A7F9 /* GitHub.app */,
				AEEFD9861D7BC1DC0070A7F9 /* GitHubTests.xctest */,
				AEEFD9911D7BC1DC0070A7F9 /* GitHubUITests.xctest */,
			);
			name = Products;
			sourceTree = "<group>";
		};
		AEEFD96F1D7BC1DC0070A7F9 /* GitHub */ = {
			isa = PBXGroup;
			children = (
				AEEFD9A31D7BCCE20070A7F9 /* Class */,
				AEEFD9731D7BC1DC0070A7F9 /* AppDelegate.h */,
				AEEFD9741D7BC1DC0070A7F9 /* AppDelegate.m */,
				AEEFD97C1D7BC1DC0070A7F9 /* Assets.xcassets */,
				AEEFD97E1D7BC1DC0070A7F9 /* LaunchScreen.storyboard */,
				AEEFD9811D7BC1DC0070A7F9 /* Info.plist */,
				AEEFD9701D7BC1DC0070A7F9 /* Supporting Files */,
			);
			path = GitHub;
			sourceTree = "<group>";
		};
		AEEFD9701D7BC1DC0070A7F9 /* Supporting Files */ = {
			isa = PBXGroup;
			children = (
				AEEFD9711D7BC1DC0070A7F9 /* main.m */,
			);
			name = "Supporting Files";
			sourceTree = "<group>";
		};
		AEEFD9891D7BC1DC0070A7F9 /* GitHubTests */ = {
			isa = PBXGroup;
			children = (
				AEEFD98A1D7BC1DC0070A7F9 /* GitHubTests.m */,
				AEEFD98C1D7BC1DC0070A7F9 /* Info.plist */,
			);
			path = GitHubTests;
			sourceTree = "<group>";
		};
		AEEFD9941D7BC1DC0070A7F9 /* GitHubUITests */ = {
			isa = PBXGroup;
			children = (
				AEEFD9951D7BC1DC0070A7F9 /* GitHubUITests.m */,
				AEEFD9971D7BC1DC0070A7F9 /* Info.plist */,
			);
			path = GitHubUITests;
			sourceTree = "<group>";
		};
		AEEFD9A31D7BCCE20070A7F9 /* Class */ = {
			isa = PBXGroup;
			children = (
				AEEFD9AA1D7BCE200070A7F9 /* General */,
				AEEFD9A41D7BCD2D0070A7F9 /* Sections */,
			);
			name = Class;
			sourceTree = "<group>";
		};
		AEEFD9A41D7BCD2D0070A7F9 /* Sections */ = {
			isa = PBXGroup;
			children = (
				AEEFD9A51D7BCD990070A7F9 /* HomePageSection */,
			);
			name = Sections;
			sourceTree = "<group>";
		};
		AEEFD9A51D7BCD990070A7F9 /* HomePageSection */ = {
			isa = PBXGroup;
			children = (
				AEEFD9A91D7BCDE60070A7F9 /* ViewModel */,
				AEEFD9A81D7BCDC80070A7F9 /* ViewController */,
				AEEFD9A71D7BCDC40070A7F9 /* View */,
				AEEFD9A61D7BCDBB0070A7F9 /* Model */,
			);
			name = HomePageSection;
			sourceTree = "<group>";
		};
		AEEFD9A61D7BCDBB0070A7F9 /* Model */ = {
			isa = PBXGroup;
			children = (
				AEF939291D7C4756004DD84F /* PKUserModel.h */,
				AEF9392A1D7C4756004DD84F /* PKUserModel.m */,
			);
			name = Model;
			sourceTree = "<group>";
		};
		AEEFD9A71D7BCDC40070A7F9 /* View */ = {
			isa = PBXGroup;
			children = (
				AEEFD9BE1D7BD0840070A7F9 /* PKHomePageView.h */,
				AEEFD9BF1D7BD0840070A7F9 /* PKHomePageView.m */,
				AEF9391F1D7C381C004DD84F /* PKHomePageTableViewCell.h */,
				AEF939201D7C381C004DD84F /* PKHomePageTableViewCell.m */,
				AEF939211D7C381C004DD84F /* PKHomePageTableViewCell.xib */,
				AEF939361D7C6B5C004DD84F /* PKUsersDetailView.h */,
				AEF939371D7C6B5C004DD84F /* PKUsersDetailView.m */,
				AEF939391D7C6C44004DD84F /* PKUsersDetailView.xib */,
			);
			name = View;
			sourceTree = "<group>";
		};
		AEEFD9A81D7BCDC80070A7F9 /* ViewController */ = {
			isa = PBXGroup;
			children = (
				AEEFD9AF1D7BCF210070A7F9 /* PKHomPageViewController.h */,
				AEEFD9B01D7BCF210070A7F9 /* PKHomPageViewController.m */,
				AEF9393B1D7C79EB004DD84F /* PKUserDetailViewController.h */,
				AEF9393C1D7C79EB004DD84F /* PKUserDetailViewController.m */,
			);
			name = ViewController;
			sourceTree = "<group>";
		};
		AEEFD9A91D7BCDE60070A7F9 /* ViewModel */ = {
			isa = PBXGroup;
			children = (
				AEEFD9C11D7BD0AE0070A7F9 /* PKHomePageViewModel.h */,
				AEEFD9C21D7BD0AE0070A7F9 /* PKHomePageViewModel.m */,
				AEF939331D7C6A14004DD84F /* PKUserDetailViewModel.h */,
				AEF939341D7C6A14004DD84F /* PKUserDetailViewModel.m */,
			);
			name = ViewModel;
			sourceTree = "<group>";
		};
		AEEFD9AA1D7BCE200070A7F9 /* General */ = {
			isa = PBXGroup;
			children = (
				AEF939241D7C3CDF004DD84F /* Util */,
				AEEFD9AB1D7BCE270070A7F9 /* Base */,
			);
			name = General;
			sourceTree = "<group>";
		};
		AEEFD9AB1D7BCE270070A7F9 /* Base */ = {
			isa = PBXGroup;
			children = (
				AEEFD9AC1D7BCE7A0070A7F9 /* PKBaseViewController.h */,
				AEEFD9AD1D7BCE7A0070A7F9 /* PKBaseViewController.m */,
				AEEFD9B21D7BCFF10070A7F9 /* PKBaseView.h */,
				AEEFD9B31D7BCFF10070A7F9 /* PKBaseView.m */,
				AEEFD9B51D7BD0160070A7F9 /* PKBaseModel.h */,
				AEEFD9B61D7BD0160070A7F9 /* PKBaseModel.m */,
				AEEFD9BB1D7BD0500070A7F9 /* PKBaseViewModel.h */,
				AEEFD9BC1D7BD0500070A7F9 /* PKBaseViewModel.m */,
				AEF9391C1D7C377F004DD84F /* PKBaseTableViewCell.h */,
				AEF9391D1D7C377F004DD84F /* PKBaseTableViewCell.m */,
			);
			name = Base;
			sourceTree = "<group>";
		};
		AEF939241D7C3CDF004DD84F /* Util */ = {
			isa = PBXGroup;
			children = (
				AEF9392C1D7C5322004DD84F /* Category */,
				AEF939251D7C3CF5004DD84F /* Manager */,
			);
			name = Util;
			sourceTree = "<group>";
		};
		AEF939251D7C3CF5004DD84F /* Manager */ = {
			isa = PBXGroup;
			children = (
				AEF939261D7C3D3D004DD84F /* PKNetAPIManager.h */,
				AEF939271D7C3D3D004DD84F /* PKNetAPIManager.m */,
			);
			name = Manager;
			sourceTree = "<group>";
		};
		AEF9392C1D7C5322004DD84F /* Category */ = {
			isa = PBXGroup;
			children = (
				AEF9392D1D7C5352004DD84F /* NSObject+PKCommon.h */,
				AEF9392E1D7C5352004DD84F /* NSObject+PKCommon.m */,
			);
			name = Category;
			sourceTree = "<group>";
		};
/* End PBXGroup section */

/* Begin PBXNativeTarget section */
		AEEFD96C1D7BC1DC0070A7F9 /* GitHub */ = {
			isa = PBXNativeTarget;
			buildConfigurationList = AEEFD99A1D7BC1DC0070A7F9 /* Build configuration list for PBXNativeTarget "GitHub" */;
			buildPhases = (
				946C1E028D7FEECFE62AB8AF /* [CP] Check Pods Manifest.lock */,
				AEEFD9691D7BC1DC0070A7F9 /* Sources */,
				AEEFD96A1D7BC1DC0070A7F9 /* Frameworks */,
				AEEFD96B1D7BC1DC0070A7F9 /* Resources */,
				DDE74109EB44A928BFF5FCF2 /* [CP] Embed Pods Frameworks */,
				4E43C44530D644E4ADA6CA90 /* [CP] Copy Pods Resources */,
			);
			buildRules = (
			);
			dependencies = (
			);
			name = GitHub;
			productName = GitHub;
			productReference = AEEFD96D1D7BC1DC0070A7F9 /* GitHub.app */;
			productType = "com.apple.product-type.application";
		};
		AEEFD9851D7BC1DC0070A7F9 /* GitHubTests */ = {
			isa = PBXNativeTarget;
			buildConfigurationList = AEEFD99D1D7BC1DC0070A7F9 /* Build configuration list for PBXNativeTarget "GitHubTests" */;
			buildPhases = (
				AEEFD9821D7BC1DC0070A7F9 /* Sources */,
				AEEFD9831D7BC1DC0070A7F9 /* Frameworks */,
				AEEFD9841D7BC1DC0070A7F9 /* Resources */,
			);
			buildRules = (
			);
			dependencies = (
				AEEFD9881D7BC1DC0070A7F9 /* PBXTargetDependency */,
			);
			name = GitHubTests;
			productName = GitHubTests;
			productReference = AEEFD9861D7BC1DC0070A7F9 /* GitHubTests.xctest */;
			productType = "com.apple.product-type.bundle.unit-test";
		};
		AEEFD9901D7BC1DC0070A7F9 /* GitHubUITests */ = {
			isa = PBXNativeTarget;
			buildConfigurationList = AEEFD9A01D7BC1DC0070A7F9 /* Build configuration list for PBXNativeTarget "GitHubUITests" */;
			buildPhases = (
				AEEFD98D1D7BC1DC0070A7F9 /* Sources */,
				AEEFD98E1D7BC1DC0070A7F9 /* Frameworks */,
				AEEFD98F1D7BC1DC0070A7F9 /* Resources */,
			);
			buildRules = (
			);
			dependencies = (
				AEEFD9931D7BC1DC0070A7F9 /* PBXTargetDependency */,
			);
			name = GitHubUITests;
			productName = GitHubUITests;
			productReference = AEEFD9911D7BC1DC0070A7F9 /* GitHubUITests.xctest */;
			productType = "com.apple.product-type.bundle.ui-testing";
		};
/* End PBXNativeTarget section */

/* Begin PBXProject section */
		AEEFD9651D7BC1DC0070A7F9 /* Project object */ = {
			isa = PBXProject;
			attributes = {
				LastUpgradeCheck = 0730;
				ORGANIZATIONNAME = pepsikirk;
				TargetAttributes = {
					AEEFD96C1D7BC1DC0070A7F9 = {
						CreatedOnToolsVersion = 7.3.1;
					};
					AEEFD9851D7BC1DC0070A7F9 = {
						CreatedOnToolsVersion = 7.3.1;
						TestTargetID = AEEFD96C1D7BC1DC0070A7F9;
					};
					AEEFD9901D7BC1DC0070A7F9 = {
						CreatedOnToolsVersion = 7.3.1;
						TestTargetID = AEEFD96C1D7BC1DC0070A7F9;
					};
				};
			};
			buildConfigurationList = AEEFD9681D7BC1DC0070A7F9 /* Build configuration list for PBXProject "GitHub" */;
			compatibilityVersion = "Xcode 3.2";
			developmentRegion = English;
			hasScannedForEncodings = 0;
			knownRegions = (
				en,
				Base,
			);
			mainGroup = AEEFD9641D7BC1DC0070A7F9;
			productRefGroup = AEEFD96E1D7BC1DC0070A7F9 /* Products */;
			projectDirPath = "";
			projectRoot = "";
			targets = (
				AEEFD96C1D7BC1DC0070A7F9 /* GitHub */,
				AEEFD9851D7BC1DC0070A7F9 /* GitHubTests */,
				AEEFD9901D7BC1DC0070A7F9 /* GitHubUITests */,
			);
		};
/* End PBXProject section */

/* Begin PBXResourcesBuildPhase section */
		AEEFD96B1D7BC1DC0070A7F9 /* Resources */ = {
			isa = PBXResourcesBuildPhase;
			buildActionMask = 2147483647;
			files = (
				AEEFD9801D7BC1DC0070A7F9 /* LaunchScreen.storyboard in Resources */,
				AEF9393A1D7C6C44004DD84F /* PKUsersDetailView.xib in Resources */,
				AEF939231D7C381C004DD84F /* PKHomePageTableViewCell.xib in Resources */,
				AEEFD97D1D7BC1DC0070A7F9 /* Assets.xcassets in Resources */,
			);
			runOnlyForDeploymentPostprocessing = 0;
		};
		AEEFD9841D7BC1DC0070A7F9 /* Resources */ = {
			isa = PBXResourcesBuildPhase;
			buildActionMask = 2147483647;
			files = (
			);
			runOnlyForDeploymentPostprocessing = 0;
		};
		AEEFD98F1D7BC1DC0070A7F9 /* Resources */ = {
			isa = PBXResourcesBuildPhase;
			buildActionMask = 2147483647;
			files = (
			);
			runOnlyForDeploymentPostprocessing = 0;
		};
/* End PBXResourcesBuildPhase section */

/* Begin PBXShellScriptBuildPhase section */
		4E43C44530D644E4ADA6CA90 /* [CP] Copy Pods Resources */ = {
			isa = PBXShellScriptBuildPhase;
			buildActionMask = 2147483647;
			files = (
			);
			inputPaths = (
			);
			name = "[CP] Copy Pods Resources";
			outputPaths = (
			);
			runOnlyForDeploymentPostprocessing = 0;
			shellPath = /bin/sh;
			shellScript = "\"${SRCROOT}/Pods/Target Support Files/Pods-GitHub/Pods-GitHub-resources.sh\"\n";
			showEnvVarsInLog = 0;
		};
		946C1E028D7FEECFE62AB8AF /* [CP] Check Pods Manifest.lock */ = {
			isa = PBXShellScriptBuildPhase;
			buildActionMask = 2147483647;
			files = (
			);
			inputPaths = (
			);
			name = "[CP] Check Pods Manifest.lock";
			outputPaths = (
			);
			runOnlyForDeploymentPostprocessing = 0;
			shellPath = /bin/sh;
			shellScript = "diff \"${PODS_ROOT}/../Podfile.lock\" \"${PODS_ROOT}/Manifest.lock\" > /dev/null\nif [[ $? != 0 ]] ; then\n    cat << EOM\nerror: The sandbox is not in sync with the Podfile.lock. Run 'pod install' or update your CocoaPods installation.\nEOM\n    exit 1\nfi\n";
			showEnvVarsInLog = 0;
		};
		DDE74109EB44A928BFF5FCF2 /* [CP] Embed Pods Frameworks */ = {
			isa = PBXShellScriptBuildPhase;
			buildActionMask = 2147483647;
			files = (
			);
			inputPaths = (
			);
			name = "[CP] Embed Pods Frameworks";
			outputPaths = (
			);
			runOnlyForDeploymentPostprocessing = 0;
			shellPath = /bin/sh;
			shellScript = "\"${SRCROOT}/Pods/Target Support Files/Pods-GitHub/Pods-GitHub-frameworks.sh\"\n";
			showEnvVarsInLog = 0;
		};
/* End PBXShellScriptBuildPhase section */

/* Begin PBXSourcesBuildPhase section */
		AEEFD9691D7BC1DC0070A7F9 /* Sources */ = {
			isa = PBXSourcesBuildPhase;
			buildActionMask = 2147483647;
			files = (
				AEEFD9751D7BC1DC0070A7F9 /* AppDelegate.m in Sources */,
				AEEFD9AE1D7BCE7A0070A7F9 /* PKBaseViewController.m in Sources */,
				AEEFD9B41D7BCFF10070A7F9 /* PKBaseView.m in Sources */,
				AEF939381D7C6B5C004DD84F /* PKUsersDetailView.m in Sources */,
				AEF939281D7C3D3D004DD84F /* PKNetAPIManager.m in Sources */,
				AEEFD9B71D7BD0160070A7F9 /* PKBaseModel.m in Sources */,
				AEF9392F1D7C5352004DD84F /* NSObject+PKCommon.m in Sources */,
				AEF9392B1D7C4756004DD84F /* PKUserModel.m in Sources */,
				AEF9393D1D7C79EB004DD84F /* PKUserDetailViewController.m in Sources */,
				AEEFD9721D7BC1DC0070A7F9 /* main.m in Sources */,
				AEF939221D7C381C004DD84F /* PKHomePageTableViewCell.m in Sources */,
				AEEFD9B11D7BCF210070A7F9 /* PKHomPageViewController.m in Sources */,
				AEF939351D7C6A14004DD84F /* PKUserDetailViewModel.m in Sources */,
				AEEFD9C31D7BD0AE0070A7F9 /* PKHomePageViewModel.m in Sources */,
				AEEFD9BD1D7BD0500070A7F9 /* PKBaseViewModel.m in Sources */,
				AEEFD9C01D7BD0840070A7F9 /* PKHomePageView.m in Sources */,
				AEF9391E1D7C377F004DD84F /* PKBaseTableViewCell.m in Sources */,
			);
			runOnlyForDeploymentPostprocessing = 0;
		};
		AEEFD9821D7BC1DC0070A7F9 /* Sources */ = {
			isa = PBXSourcesBuildPhase;
			buildActionMask = 2147483647;
			files = (
				AEEFD98B1D7BC1DC0070A7F9 /* GitHubTests.m in Sources */,
			);
			runOnlyForDeploymentPostprocessing = 0;
		};
		AEEFD98D1D7BC1DC0070A7F9 /* Sources */ = {
			isa = PBXSourcesBuildPhase;
			buildActionMask = 2147483647;
			files = (
				AEEFD9961D7BC1DC0070A7F9 /* GitHubUITests.m in Sources */,
			);
			runOnlyForDeploymentPostprocessing = 0;
		};
/* End PBXSourcesBuildPhase section */

/* Begin PBXTargetDependency section */
		AEEFD9881D7BC1DC0070A7F9 /* PBXTargetDependency */ = {
			isa = PBXTargetDependency;
			target = AEEFD96C1D7BC1DC0070A7F9 /* GitHub */;
			targetProxy = AEEFD9871D7BC1DC0070A7F9 /* PBXContainerItemProxy */;
		};
		AEEFD9931D7BC1DC0070A7F9 /* PBXTargetDependency */ = {
			isa = PBXTargetDependency;
			target = AEEFD96C1D7BC1DC0070A7F9 /* GitHub */;
			targetProxy = AEEFD9921D7BC1DC0070A7F9 /* PBXContainerItemProxy */;
		};
/* End PBXTargetDependency section */

/* Begin PBXVariantGroup section */
		AEEFD97E1D7BC1DC0070A7F9 /* LaunchScreen.storyboard */ = {
			isa = PBXVariantGroup;
			children = (
				AEEFD97F1D7BC1DC0070A7F9 /* Base */,
			);
			name = LaunchScreen.storyboard;
			sourceTree = "<group>";
		};
/* End PBXVariantGroup section */

/* Begin XCBuildConfiguration section */
		AEEFD9981D7BC1DC0070A7F9 /* Debug */ = {
			isa = XCBuildConfiguration;
			buildSettings = {
				ALWAYS_SEARCH_USER_PATHS = NO;
				CLANG_ANALYZER_NONNULL = YES;
				CLANG_CXX_LANGUAGE_STANDARD = "gnu++0x";
				CLANG_CXX_LIBRARY = "libc++";
				CLANG_ENABLE_MODULES = YES;
				CLANG_ENABLE_OBJC_ARC = YES;
				CLANG_WARN_BOOL_CONVERSION = YES;
				CLANG_WARN_CONSTANT_CONVERSION = YES;
				CLANG_WARN_DIRECT_OBJC_ISA_USAGE = YES_ERROR;
				CLANG_WARN_EMPTY_BODY = YES;
				CLANG_WARN_ENUM_CONVERSION = YES;
				CLANG_WARN_INT_CONVERSION = YES;
				CLANG_WARN_OBJC_ROOT_CLASS = YES_ERROR;
				CLANG_WARN_UNREACHABLE_CODE = YES;
				CLANG_WARN__DUPLICATE_METHOD_MATCH = YES;
				"CODE_SIGN_IDENTITY[sdk=iphoneos*]" = "iPhone Developer";
				COPY_PHASE_STRIP = NO;
				DEBUG_INFORMATION_FORMAT = dwarf;
				ENABLE_STRICT_OBJC_MSGSEND = YES;
				ENABLE_TESTABILITY = YES;
				GCC_C_LANGUAGE_STANDARD = gnu99;
				GCC_DYNAMIC_NO_PIC = NO;
				GCC_NO_COMMON_BLOCKS = YES;
				GCC_OPTIMIZATION_LEVEL = 0;
				GCC_PREPROCESSOR_DEFINITIONS = (
					"DEBUG=1",
					"$(inherited)",
				);
				GCC_WARN_64_TO_32_BIT_CONVERSION = YES;
				GCC_WARN_ABOUT_RETURN_TYPE = YES_ERROR;
				GCC_WARN_UNDECLARED_SELECTOR = YES;
				GCC_WARN_UNINITIALIZED_AUTOS = YES_AGGRESSIVE;
				GCC_WARN_UNUSED_FUNCTION = YES;
				GCC_WARN_UNUSED_VARIABLE = YES;
				IPHONEOS_DEPLOYMENT_TARGET = 9.3;
				MTL_ENABLE_DEBUG_INFO = YES;
				ONLY_ACTIVE_ARCH = YES;
				SDKROOT = iphoneos;
			};
			name = Debug;
		};
		AEEFD9991D7BC1DC0070A7F9 /* Release */ = {
			isa = XCBuildConfiguration;
			buildSettings = {
				ALWAYS_SEARCH_USER_PATHS = NO;
				CLANG_ANALYZER_NONNULL = YES;
				CLANG_CXX_LANGUAGE_STANDARD = "gnu++0x";
				CLANG_CXX_LIBRARY = "libc++";
				CLANG_ENABLE_MODULES = YES;
				CLANG_ENABLE_OBJC_ARC = YES;
				CLANG_WARN_BOOL_CONVERSION = YES;
				CLANG_WARN_CONSTANT_CONVERSION = YES;
				CLANG_WARN_DIRECT_OBJC_ISA_USAGE = YES_ERROR;
				CLANG_WARN_EMPTY_BODY = YES;
				CLANG_WARN_ENUM_CONVERSION = YES;
				CLANG_WARN_INT_CONVERSION = YES;
				CLANG_WARN_OBJC_ROOT_CLASS = YES_ERROR;
				CLANG_WARN_UNREACHABLE_CODE = YES;
				CLANG_WARN__DUPLICATE_METHOD_MATCH = YES;
				"CODE_SIGN_IDENTITY[sdk=iphoneos*]" = "iPhone Developer";
				COPY_PHASE_STRIP = NO;
				DEBUG_INFORMATION_FORMAT = "dwarf-with-dsym";
				ENABLE_NS_ASSERTIONS = NO;
				ENABLE_STRICT_OBJC_MSGSEND = YES;
				GCC_C_LANGUAGE_STANDARD = gnu99;
				GCC_NO_COMMON_BLOCKS = YES;
				GCC_WARN_64_TO_32_BIT_CONVERSION = YES;
				GCC_WARN_ABOUT_RETURN_TYPE = YES_ERROR;
				GCC_WARN_UNDECLARED_SELECTOR = YES;
				GCC_WARN_UNINITIALIZED_AUTOS = YES_AGGRESSIVE;
				GCC_WARN_UNUSED_FUNCTION = YES;
				GCC_WARN_UNUSED_VARIABLE = YES;
				IPHONEOS_DEPLOYMENT_TARGET = 9.3;
				MTL_ENABLE_DEBUG_INFO = NO;
				SDKROOT = iphoneos;
				VALIDATE_PRODUCT = YES;
			};
			name = Release;
		};
		AEEFD99B1D7BC1DC0070A7F9 /* Debug */ = {
			isa = XCBuildConfiguration;
			baseConfigurationReference = 4F1A7423F49314E680B2EFA0 /* Pods-GitHub.debug.xcconfig */;
			buildSettings = {
				ASSETCATALOG_COMPILER_APPICON_NAME = AppIcon;
				INFOPLIST_FILE = GitHub/Info.plist;
				LD_RUNPATH_SEARCH_PATHS = "$(inherited) @executable_path/Frameworks";
				PRODUCT_BUNDLE_IDENTIFIER = com.pepsikirk.GitHub;
				PRODUCT_NAME = "$(TARGET_NAME)";
			};
			name = Debug;
		};
		AEEFD99C1D7BC1DC0070A7F9 /* Release */ = {
			isa = XCBuildConfiguration;
			baseConfigurationReference = DE6F861ADBF68FF3E2003F5A /* Pods-GitHub.release.xcconfig */;
			buildSettings = {
				ASSETCATALOG_COMPILER_APPICON_NAME = AppIcon;
				INFOPLIST_FILE = GitHub/Info.plist;
				LD_RUNPATH_SEARCH_PATHS = "$(inherited) @executable_path/Frameworks";
				PRODUCT_BUNDLE_IDENTIFIER = com.pepsikirk.GitHub;
				PRODUCT_NAME = "$(TARGET_NAME)";
			};
			name = Release;
		};
		AEEFD99E1D7BC1DC0070A7F9 /* Debug */ = {
			isa = XCBuildConfiguration;
			buildSettings = {
				BUNDLE_LOADER = "$(TEST_HOST)";
				INFOPLIST_FILE = GitHubTests/Info.plist;
				LD_RUNPATH_SEARCH_PATHS = "$(inherited) @executable_path/Frameworks @loader_path/Frameworks";
				PRODUCT_BUNDLE_IDENTIFIER = com.pepsikirk.GitHubTests;
				PRODUCT_NAME = "$(TARGET_NAME)";
				TEST_HOST = "$(BUILT_PRODUCTS_DIR)/GitHub.app/GitHub";
			};
			name = Debug;
		};
		AEEFD99F1D7BC1DC0070A7F9 /* Release */ = {
			isa = XCBuildConfiguration;
			buildSettings = {
				BUNDLE_LOADER = "$(TEST_HOST)";
				INFOPLIST_FILE = GitHubTests/Info.plist;
				LD_RUNPATH_SEARCH_PATHS = "$(inherited) @executable_path/Frameworks @loader_path/Frameworks";
				PRODUCT_BUNDLE_IDENTIFIER = com.pepsikirk.GitHubTests;
				PRODUCT_NAME = "$(TARGET_NAME)";
				TEST_HOST = "$(BUILT_PRODUCTS_DIR)/GitHub.app/GitHub";
			};
			name = Release;
		};
		AEEFD9A11D7BC1DC0070A7F9 /* Debug */ = {
			isa = XCBuildConfiguration;
			buildSettings = {
				INFOPLIST_FILE = GitHubUITests/Info.plist;
				LD_RUNPATH_SEARCH_PATHS = "$(inherited) @executable_path/Frameworks @loader_path/Frameworks";
				PRODUCT_BUNDLE_IDENTIFIER = com.pepsikirk.GitHubUITests;
				PRODUCT_NAME = "$(TARGET_NAME)";
				TEST_TARGET_NAME = GitHub;
			};
			name = Debug;
		};
		AEEFD9A21D7BC1DC0070A7F9 /* Release */ = {
			isa = XCBuildConfiguration;
			buildSettings = {
				INFOPLIST_FILE = GitHubUITests/Info.plist;
				LD_RUNPATH_SEARCH_PATHS = "$(inherited) @executable_path/Frameworks @loader_path/Frameworks";
				PRODUCT_BUNDLE_IDENTIFIER = com.pepsikirk.GitHubUITests;
				PRODUCT_NAME = "$(TARGET_NAME)";
				TEST_TARGET_NAME = GitHub;
			};
			name = Release;
		};
/* End XCBuildConfiguration section */

/* Begin XCConfigurationList section */
		AEEFD9681D7BC1DC0070A7F9 /* Build configuration list for PBXProject "GitHub" */ = {
			isa = XCConfigurationList;
			buildConfigurations = (
				AEEFD9981D7BC1DC0070A7F9 /* Debug */,
				AEEFD9991D7BC1DC0070A7F9 /* Release */,
			);
			defaultConfigurationIsVisible = 0;
			defaultConfigurationName = Release;
		};
		AEEFD99A1D7BC1DC0070A7F9 /* Build configuration list for PBXNativeTarget "GitHub" */ = {
			isa = XCConfigurationList;
			buildConfigurations = (
				AEEFD99B1D7BC1DC0070A7F9 /* Debug */,
				AEEFD99C1D7BC1DC0070A7F9 /* Release */,
			);
			defaultConfigurationIsVisible = 0;
			defaultConfigurationName = Release;
		};
		AEEFD99D1D7BC1DC0070A7F9 /* Build configuration list for PBXNativeTarget "GitHubTests" */ = {
			isa = XCConfigurationList;
			buildConfigurations = (
				AEEFD99E1D7BC1DC0070A7F9 /* Debug */,
				AEEFD99F1D7BC1DC0070A7F9 /* Release */,
			);
			defaultConfigurationIsVisible = 0;
			defaultConfigurationName = Release;
		};
		AEEFD9A01D7BC1DC0070A7F9 /* Build configuration list for PBXNativeTarget "GitHubUITests" */ = {
			isa = XCConfigurationList;
			buildConfigurations = (
				AEEFD9A11D7BC1DC0070A7F9 /* Debug */,
				AEEFD9A21D7BC1DC0070A7F9 /* Release */,
			);
			defaultConfigurationIsVisible = 0;
			defaultConfigurationName = Release;
		};
/* End XCConfigurationList section */
	};
	rootObject = AEEFD9651D7BC1DC0070A7F9 /* Project object */;
}
